
Microsoft Visual Studio Solution File, Format Version 12.00
# Visual Studio 15
VisualStudioVersion = 15.0.27703.2035
MinimumVisualStudioVersion = 10.0.40219.1
Project("{9A19103F-16F7-4668-BE54-9A1E7A4F7556}") = "CursoOnline.DominioTest", "tests\CursoOnline.DominioTest\CursoOnline.DominioTest.csproj", "{FABCD1E3-BBB8-4881-97B4-16F2459DF43C}"
EndProject
Project("{9A19103F-16F7-4668-BE54-9A1E7A4F7556}") = "CursoOnline.Dominio", "src\CursoOnline.Dominio\CursoOnline.Dominio.csproj", "{0E84E5E9-8382-4701-BC85-AE1C646911ED}"
EndProject
Global
	GlobalSection(SolutionConfigurationPlatforms) = preSolution
		Debug|Any CPU = Debug|Any CPU
		Release|Any CPU = Release|Any CPU
	EndGlobalSection
	GlobalSection(ProjectConfigurationPlatforms) = postSolution
		{FABCD1E3-BBB8-4881-97B4-16F2459DF43C}.Debug|Any CPU.ActiveCfg = Debug|Any CPU
		{FABCD1E3-BBB8-4881-97B4-16F2459DF43C}.Debug|Any CPU.Build.0 = Debug|Any CPU
		{FABCD1E3-BBB8-4881-97B4-16F2459DF43C}.Release|Any CPU.ActiveCfg = Release|Any CPU
		{FABCD1E3-BBB8-4881-97B4-16F2459DF43C}.Release|Any CPU.Build.0 = Release|Any CPU
		{0E84E5E9-8382-4701-BC85-AE1C646911ED}.Debug|Any CPU.ActiveCfg = Debug|Any CPU
		{0E84E5E9-8382-4701-BC85-AE1C646911ED}.Debug|Any CPU.Build.0 = Debug|Any CPU
		{0E84E5E9-8382-4701-BC85-AE1C646911ED}.Release|Any CPU.ActiveCfg = Release|Any CPU
		{0E84E5E9-8382-4701-BC85-AE1C646911ED}.Release|Any CPU.Build.0 = Release|Any CPU
	EndGlobalSection
	GlobalSection(SolutionProperties) = preSolution
		HideSolutionNode = FALSE
	EndGlobalSection
	GlobalSection(ExtensibilityGlobals) = postSolution
		SolutionGuid = {F493A0EA-D532-453A-9999-5D2F9FE15F5B}
	EndGlobalSection
EndGlobal
